
Microsoft Visual Studio Solution File, Format Version 12.00
# Visual Studio Version 16
VisualStudioVersion = 16.0.29001.49
MinimumVisualStudioVersion = 10.0.40219.1
Project("{FAE04EC0-301F-11D3-BF4B-00C04F79EFBC}") = "AlarmApp.UWP", "AlarmApp\AlarmApp.UWP\AlarmApp.UWP.csproj", "{17809268-A965-4E4D-BFB4-FED887581C0F}"
EndProject
Project("{FAE04EC0-301F-11D3-BF4B-00C04F79EFBC}") = "AlarmApp.Android", "AlarmApp\AlarmApp.Android\AlarmApp.Android.csproj", "{B7A3B718-DB24-47BD-BE43-10CAA2BB9D73}"
EndProject
Project("{FAE04EC0-301F-11D3-BF4B-00C04F79EFBC}") = "AlarmApp.iOS", "AlarmApp\AlarmApp.iOS\AlarmApp.iOS.csproj", "{C0429B3C-8DA0-4F89-AB3D-6D9DAD353373}"
EndProject
Project("{FAE04EC0-301F-11D3-BF4B-00C04F79EFBC}") = "AlarmApp", "AlarmApp\AlarmApp\AlarmApp.csproj", "{C30D121D-B937-4180-88E3-555F141485B6}"
EndProject
Global
	GlobalSection(SolutionConfigurationPlatforms) = preSolution
		Debug|Any CPU = Debug|Any CPU
		Debug|ARM = Debug|ARM
		Debug|iPhone = Debug|iPhone
		Debug|iPhoneSimulator = Debug|iPhoneSimulator
		Debug|x64 = Debug|x64
		Debug|x86 = Debug|x86
		Release|Any CPU = Release|Any CPU
		Release|ARM = Release|ARM
		Release|iPhone = Release|iPhone
		Release|iPhoneSimulator = Release|iPhoneSimulator
		Release|x64 = Release|x64
		Release|x86 = Release|x86
	EndGlobalSection
	GlobalSection(ProjectConfigurationPlatforms) = postSolution
		{17809268-A965-4E4D-BFB4-FED887581C0F}.Debug|Any CPU.ActiveCfg = Debug|x86
		{17809268-A965-4E4D-BFB4-FED887581C0F}.Debug|Any CPU.Build.0 = Debug|x86
		{17809268-A965-4E4D-BFB4-FED887581C0F}.Debug|Any CPU.Deploy.0 = Debug|x86
		{17809268-A965-4E4D-BFB4-FED887581C0F}.Debug|ARM.ActiveCfg = Debug|ARM
		{17809268-A965-4E4D-BFB4-FED887581C0F}.Debug|ARM.Build.0 = Debug|ARM
		{17809268-A965-4E4D-BFB4-FED887581C0F}.Debug|ARM.Deploy.0 = Debug|ARM
		{17809268-A965-4E4D-BFB4-FED887581C0F}.Debug|iPhone.ActiveCfg = Debug|x86
		{17809268-A965-4E4D-BFB4-FED887581C0F}.Debug|iPhone.Build.0 = Debug|x86
		{17809268-A965-4E4D-BFB4-FED887581C0F}.Debug|iPhone.Deploy.0 = Debug|x86
		{17809268-A965-4E4D-BFB4-FED887581C0F}.Debug|iPhoneSimulator.ActiveCfg = Debug|x86
		{17809268-A965-4E4D-BFB4-FED887581C0F}.Debug|iPhoneSimulator.Build.0 = Debug|x86
		{17809268-A965-4E4D-BFB4-FED887581C0F}.Debug|iPhoneSimulator.Deploy.0 = Debug|x86
		{17809268-A965-4E4D-BFB4-FED887581C0F}.Debug|x64.ActiveCfg = Debug|x64
		{17809268-A965-4E4D-BFB4-FED887581C0F}.Debug|x64.Build.0 = Debug|x64
		{17809268-A965-4E4D-BFB4-FED887581C0F}.Debug|x64.Deploy.0 = Debug|x64
		{17809268-A965-4E4D-BFB4-FED887581C0F}.Debug|x86.ActiveCfg = Debug|x86
		{17809268-A965-4E4D-BFB4-FED887581C0F}.Debug|x86.Build.0 = Debug|x86
		{17809268-A965-4E4D-BFB4-FED887581C0F}.Debug|x86.Deploy.0 = Debug|x86
		{17809268-A965-4E4D-BFB4-FED887581C0F}.Release|Any CPU.ActiveCfg = Release|x86
		{17809268-A965-4E4D-BFB4-FED887581C0F}.Release|Any CPU.Build.0 = Release|x86
		{17809268-A965-4E4D-BFB4-FED887581C0F}.Release|Any CPU.Deploy.0 = Release|x86
		{17809268-A965-4E4D-BFB4-FED887581C0F}.Release|ARM.ActiveCfg = Release|ARM
		{17809268-A965-4E4D-BFB4-FED887581C0F}.Release|ARM.Build.0 = Release|ARM
		{17809268-A965-4E4D-BFB4-FED887581C0F}.Release|ARM.Deploy.0 = Release|ARM
		{17809268-A965-4E4D-BFB4-FED887581C0F}.Release|iPhone.ActiveCfg = Release|x86
		{17809268-A965-4E4D-BFB4-FED887581C0F}.Release|iPhone.Build.0 = Release|x86
		{17809268-A965-4E4D-BFB4-FED887581C0F}.Release|iPhone.Deploy.0 = Release|x86
		{17809268-A965-4E4D-BFB4-FED887581C0F}.Release|iPhoneSimulator.ActiveCfg = Release|x86
		{17809268-A965-4E4D-BFB4-FED887581C0F}.Release|iPhoneSimulator.Build.0 = Release|x86
		{17809268-A965-4E4D-BFB4-FED887581C0F}.Release|iPhoneSimulator.Deploy.0 = Release|x86
		{17809268-A965-4E4D-BFB4-FED887581C0F}.Release|x64.ActiveCfg = Release|x64
		{17809268-A965-4E4D-BFB4-FED887581C0F}.Release|x64.Build.0 = Release|x64
		{17809268-A965-4E4D-BFB4-FED887581C0F}.Release|x64.Deploy.0 = Release|x64
		{17809268-A965-4E4D-BFB4-FED887581C0F}.Release|x86.ActiveCfg = Release|x86
		{17809268-A965-4E4D-BFB4-FED887581C0F}.Release|x86.Build.0 = Release|x86
		{17809268-A965-4E4D-BFB4-FED887581C0F}.Release|x86.Deploy.0 = Release|x86
		{B7A3B718-DB24-47BD-BE43-10CAA2BB9D73}.Debug|Any CPU.ActiveCfg = Debug|Any CPU
		{B7A3B718-DB24-47BD-BE43-10CAA2BB9D73}.Debug|Any CPU.Build.0 = Debug|Any CPU
		{B7A3B718-DB24-47BD-BE43-10CAA2BB9D73}.Debug|Any CPU.Deploy.0 = Debug|Any CPU
		{B7A3B718-DB24-47BD-BE43-10CAA2BB9D73}.Debug|ARM.ActiveCfg = Debug|Any CPU
		{B7A3B718-DB24-47BD-BE43-10CAA2BB9D73}.Debug|ARM.Build.0 = Debug|Any CPU
		{B7A3B718-DB24-47BD-BE43-10CAA2BB9D73}.Debug|ARM.Deploy.0 = Debug|Any CPU
		{B7A3B718-DB24-47BD-BE43-10CAA2BB9D73}.Debug|iPhone.ActiveCfg = Debug|Any CPU
		{B7A3B718-DB24-47BD-BE43-10CAA2BB9D73}.Debug|iPhone.Build.0 = Debug|Any CPU
		{B7A3B718-DB24-47BD-BE43-10CAA2BB9D73}.Debug|iPhone.Deploy.0 = Debug|Any CPU
		{B7A3B718-DB24-47BD-BE43-10CAA2BB9D73}.Debug|iPhoneSimulator.ActiveCfg = Debug|Any CPU
		{B7A3B718-DB24-47BD-BE43-10CAA2BB9D73}.Debug|iPhoneSimulator.Build.0 = Debug|Any CPU
		{B7A3B718-DB24-47BD-BE43-10CAA2BB9D73}.Debug|iPhoneSimulator.Deploy.0 = Debug|Any CPU
		{B7A3B718-DB24-47BD-BE43-10CAA2BB9D73}.Debug|x64.ActiveCfg = Debug|Any CPU
		{B7A3B718-DB24-47BD-BE43-10CAA2BB9D73}.Debug|x64.Build.0 = Debug|Any CPU
		{B7A3B718-DB24-47BD-BE43-10CAA2BB9D73}.Debug|x64.Deploy.0 = Debug|Any CPU
		{B7A3B718-DB24-47BD-BE43-10CAA2BB9D73}.Debug|x86.ActiveCfg = Debug|Any CPU
		{B7A3B718-DB24-47BD-BE43-10CAA2BB9D73}.Debug|x86.Build.0 = Debug|Any CPU
		{B7A3B718-DB24-47BD-BE43-10CAA2BB9D73}.Debug|x86.Deploy.0 = Debug|Any CPU
		{B7A3B718-DB24-47BD-BE43-10CAA2BB9D73}.Release|Any CPU.ActiveCfg = Release|Any CPU
		{B7A3B718-DB24-47BD-BE43-10CAA2BB9D73}.Release|Any CPU.Build.0 = Release|Any CPU
		{B7A3B718-DB24-47BD-BE43-10CAA2BB9D73}.Release|Any CPU.Deploy.0 = Release|Any CPU
		{B7A3B718-DB24-47BD-BE43-10CAA2BB9D73}.Release|ARM.ActiveCfg = Release|Any CPU
		{B7A3B718-DB24-47BD-BE43-10CAA2BB9D73}.Release|ARM.Build.0 = Release|Any CPU
		{B7A3B718-DB24-47BD-BE43-10CAA2BB9D73}.Release|ARM.Deploy.0 = Release|Any CPU
		{B7A3B718-DB24-47BD-BE43-10CAA2BB9D73}.Release|iPhone.ActiveCfg = Release|Any CPU
		{B7A3B718-DB24-47BD-BE43-10CAA2BB9D73}.Release|iPhone.Build.0 = Release|Any CPU
		{B7A3B718-DB24-47BD-BE43-10CAA2BB9D73}.Release|iPhone.Deploy.0 = Release|Any CPU
		{B7A3B718-DB24-47BD-BE43-10CAA2BB9D73}.Release|iPhoneSimulator.ActiveCfg = Release|Any CPU
		{B7A3B718-DB24-47BD-BE43-10CAA2BB9D73}.Release|iPhoneSimulator.Build.0 = Release|Any CPU
		{B7A3B718-DB24-47BD-BE43-10CAA2BB9D73}.Release|iPhoneSimulator.Deploy.0 = Release|Any CPU
		{B7A3B718-DB24-47BD-BE43-10CAA2BB9D73}.Release|x64.ActiveCfg = Release|Any CPU
		{B7A3B718-DB24-47BD-BE43-10CAA2BB9D73}.Release|x64.Build.0 = Release|Any CPU
		{B7A3B718-DB24-47BD-BE43-10CAA2BB9D73}.Release|x64.Deploy.0 = Release|Any CPU
		{B7A3B718-DB24-47BD-BE43-10CAA2BB9D73}.Release|x86.ActiveCfg = Release|Any CPU
		{B7A3B718-DB24-47BD-BE43-10CAA2BB9D73}.Release|x86.Build.0 = Release|Any CPU
		{B7A3B718-DB24-47BD-BE43-10CAA2BB9D73}.Release|x86.Deploy.0 = Release|Any CPU
		{C0429B3C-8DA0-4F89-AB3D-6D9DAD353373}.Debug|Any CPU.ActiveCfg = Debug|iPhone
		{C0429B3C-8DA0-4F89-AB3D-6D9DAD353373}.Debug|Any CPU.Build.0 = Debug|iPhone
		{C0429B3C-8DA0-4F89-AB3D-6D9DAD353373}.Debug|Any CPU.Deploy.0 = Debug|iPhone
		{C0429B3C-8DA0-4F89-AB3D-6D9DAD353373}.Debug|ARM.ActiveCfg = Debug|iPhoneSimulator
		{C0429B3C-8DA0-4F89-AB3D-6D9DAD353373}.Debug|ARM.Build.0 = Debug|iPhoneSimulator
		{C0429B3C-8DA0-4F89-AB3D-6D9DAD353373}.Debug|ARM.Deploy.0 = Debug|iPhoneSimulator
		{C0429B3C-8DA0-4F89-AB3D-6D9DAD353373}.Debug|iPhone.ActiveCfg = Debug|iPhone
		{C0429B3C-8DA0-4F89-AB3D-6D9DAD353373}.Debug|iPhone.Build.0 = Debug|iPhone
		{C0429B3C-8DA0-4F89-AB3D-6D9DAD353373}.Debug|iPhone.Deploy.0 = Debug|iPhone
		{C0429B3C-8DA0-4F89-AB3D-6D9DAD353373}.Debug|iPhoneSimulator.ActiveCfg = Debug|iPhoneSimulator
		{C0429B3C-8DA0-4F89-AB3D-6D9DAD353373}.Debug|iPhoneSimulator.Build.0 = Debug|iPhoneSimulator
		{C0429B3C-8DA0-4F89-AB3D-6D9DAD353373}.Debug|iPhoneSimulator.Deploy.0 = Debug|iPhoneSimulator
		{C0429B3C-8DA0-4F89-AB3D-6D9DAD353373}.Debug|x64.ActiveCfg = Debug|iPhone
		{C0429B3C-8DA0-4F89-AB3D-6D9DAD353373}.Debug|x64.Build.0 = Debug|iPhone
		{C0429B3C-8DA0-4F89-AB3D-6D9DAD353373}.Debug|x64.Deploy.0 = Debug|iPhone
		{C0429B3C-8DA0-4F89-AB3D-6D9DAD353373}.Debug|x86.ActiveCfg = Debug|iPhone
		{C0429B3C-8DA0-4F89-AB3D-6D9DAD353373}.Debug|x86.Build.0 = Debug|iPhone
		{C0429B3C-8DA0-4F89-AB3D-6D9DAD353373}.Debug|x86.Deploy.0 = Debug|iPhone
		{C0429B3C-8DA0-4F89-AB3D-6D9DAD353373}.Release|Any CPU.ActiveCfg = Release|iPhone
		{C0429B3C-8DA0-4F89-AB3D-6D9DAD353373}.Release|Any CPU.Build.0 = Release|iPhone
		{C0429B3C-8DA0-4F89-AB3D-6D9DAD353373}.Release|Any CPU.Deploy.0 = Release|iPhone
		{C0429B3C-8DA0-4F89-AB3D-6D9DAD353373}.Release|ARM.ActiveCfg = Release|iPhone
		{C0429B3C-8DA0-4F89-AB3D-6D9DAD353373}.Release|ARM.Build.0 = Release|iPhone
		{C0429B3C-8DA0-4F89-AB3D-6D9DAD353373}.Release|ARM.Deploy.0 = Release|iPhone
		{C0429B3C-8DA0-4F89-AB3D-6D9DAD353373}.Release|iPhone.ActiveCfg = Release|iPhone
		{C0429B3C-8DA0-4F89-AB3D-6D9DAD353373}.Release|iPhone.Build.0 = Release|iPhone
		{C0429B3C-8DA0-4F89-AB3D-6D9DAD353373}.Release|iPhone.Deploy.0 = Release|iPhone
		{C0429B3C-8DA0-4F89-AB3D-6D9DAD353373}.Release|iPhoneSimulator.ActiveCfg = Release|iPhoneSimulator
		{C0429B3C-8DA0-4F89-AB3D-6D9DAD353373}.Release|iPhoneSimulator.Build.0 = Release|iPhoneSimulator
		{C0429B3C-8DA0-4F89-AB3D-6D9DAD353373}.Release|iPhoneSimulator.Deploy.0 = Release|iPhoneSimulator
		{C0429B3C-8DA0-4F89-AB3D-6D9DAD353373}.Release|x64.ActiveCfg = Release|iPhone
		{C0429B3C-8DA0-4F89-AB3D-6D9DAD353373}.Release|x64.Build.0 = Release|iPhone
		{C0429B3C-8DA0-4F89-AB3D-6D9DAD353373}.Release|x64.Deploy.0 = Release|iPhone
		{C0429B3C-8DA0-4F89-AB3D-6D9DAD353373}.Release|x86.ActiveCfg = Release|iPhone
		{C0429B3C-8DA0-4F89-AB3D-6D9DAD353373}.Release|x86.Build.0 = Release|iPhone
		{C0429B3C-8DA0-4F89-AB3D-6D9DAD353373}.Release|x86.Deploy.0 = Release|iPhone
		{C30D121D-B937-4180-88E3-555F141485B6}.Debug|Any CPU.ActiveCfg = Debug|Any CPU
		{C30D121D-B937-4180-88E3-555F141485B6}.Debug|Any CPU.Build.0 = Debug|Any CPU
		{C30D121D-B937-4180-88E3-555F141485B6}.Debug|Any CPU.Deploy.0 = Debug|Any CPU
		{C30D121D-B937-4180-88E3-555F141485B6}.Debug|ARM.ActiveCfg = Debug|Any CPU
		{C30D121D-B937-4180-88E3-555F141485B6}.Debug|ARM.Build.0 = Debug|Any CPU
		{C30D121D-B937-4180-88E3-555F141485B6}.Debug|ARM.Deploy.0 = Debug|Any CPU
		{C30D121D-B937-4180-88E3-555F141485B6}.Debug|iPhone.ActiveCfg = Debug|Any CPU
		{C30D121D-B937-4180-88E3-555F141485B6}.Debug|iPhone.Build.0 = Debug|Any CPU
		{C30D121D-B937-4180-88E3-555F141485B6}.Debug|iPhone.Deploy.0 = Debug|Any CPU
		{C30D121D-B937-4180-88E3-555F141485B6}.Debug|iPhoneSimulator.ActiveCfg = Debug|Any CPU
		{C30D121D-B937-4180-88E3-555F141485B6}.Debug|iPhoneSimulator.Build.0 = Debug|Any CPU
		{C30D121D-B937-4180-88E3-555F141485B6}.Debug|iPhoneSimulator.Deploy.0 = Debug|Any CPU
		{C30D121D-B937-4180-88E3-555F141485B6}.Debug|x64.ActiveCfg = Debug|Any CPU
		{C30D121D-B937-4180-88E3-555F141485B6}.Debug|x64.Build.0 = Debug|Any CPU
		{C30D121D-B937-4180-88E3-555F141485B6}.Debug|x64.Deploy.0 = Debug|Any CPU
		{C30D121D-B937-4180-88E3-555F141485B6}.Debug|x86.ActiveCfg = Debug|Any CPU
		{C30D121D-B937-4180-88E3-555F141485B6}.Debug|x86.Build.0 = Debug|Any CPU
		{C30D121D-B937-4180-88E3-555F141485B6}.Debug|x86.Deploy.0 = Debug|Any CPU
		{C30D121D-B937-4180-88E3-555F141485B6}.Release|Any CPU.ActiveCfg = Release|Any CPU
		{C30D121D-B937-4180-88E3-555F141485B6}.Release|Any CPU.Build.0 = Release|Any CPU
		{C30D121D-B937-4180-88E3-555F141485B6}.Release|Any CPU.Deploy.0 = Release|Any CPU
		{C30D121D-B937-4180-88E3-555F141485B6}.Release|ARM.ActiveCfg = Release|Any CPU
		{C30D121D-B937-4180-88E3-555F141485B6}.Release|ARM.Build.0 = Release|Any CPU
		{C30D121D-B937-4180-88E3-555F141485B6}.Release|ARM.Deploy.0 = Release|Any CPU
		{C30D121D-B937-4180-88E3-555F141485B6}.Release|iPhone.ActiveCfg = Release|Any CPU
		{C30D121D-B937-4180-88E3-555F141485B6}.Release|iPhone.Build.0 = Release|Any CPU
		{C30D121D-B937-4180-88E3-555F141485B6}.Release|iPhone.Deploy.0 = Release|Any CPU
		{C30D121D-B937-4180-88E3-555F141485B6}.Release|iPhoneSimulator.ActiveCfg = Release|Any CPU
		{C30D121D-B937-4180-88E3-555F141485B6}.Release|iPhoneSimulator.Build.0 = Release|Any CPU
		{C30D121D-B937-4180-88E3-555F141485B6}.Release|iPhoneSimulator.Deploy.0 = Release|Any CPU
		{C30D121D-B937-4180-88E3-555F141485B6}.Release|x64.ActiveCfg = Release|Any CPU
		{C30D121D-B937-4180-88E3-555F141485B6}.Release|x64.Build.0 = Release|Any CPU
		{C30D121D-B937-4180-88E3-555F141485B6}.Release|x64.Deploy.0 = Release|Any CPU
		{C30D121D-B937-4180-88E3-555F141485B6}.Release|x86.ActiveCfg = Release|Any CPU
		{C30D121D-B937-4180-88E3-555F141485B6}.Release|x86.Build.0 = Release|Any CPU
		{C30D121D-B937-4180-88E3-555F141485B6}.Release|x86.Deploy.0 = Release|Any CPU
	EndGlobalSection
	GlobalSection(SolutionProperties) = preSolution
		HideSolutionNode = FALSE
	EndGlobalSection
	GlobalSection(ExtensibilityGlobals) = postSolution
		SolutionGuid = {4ADE85A4-4232-460C-A98E-06432B86DE8D}
	EndGlobalSection
EndGlobal
